// !$*UTF8*$!
{
	archiveVersion = 1;
	classes = {
	};
	objectVersion = 56;
	objects = {

/* Begin PBXBuildFile section */
		09B0D6A729F4FB4100DA08C3 /* shoutApp.swift in Sources */ = {isa = PBXBuildFile; fileRef = 09B0D6A629F4FB4100DA08C3 /* shoutApp.swift */; };
		09B0D6AB29F4FB4200DA08C3 /* Assets.xcassets in Resources */ = {isa = PBXBuildFile; fileRef = 09B0D6AA29F4FB4200DA08C3 /* Assets.xcassets */; };
		09B0D6AE29F4FB4200DA08C3 /* Preview Assets.xcassets in Resources */ = {isa = PBXBuildFile; fileRef = 09B0D6AD29F4FB4200DA08C3 /* Preview Assets.xcassets */; };
		09B0D6B829F4FB4200DA08C3 /* shoutTests.swift in Sources */ = {isa = PBXBuildFile; fileRef = 09B0D6B729F4FB4200DA08C3 /* shoutTests.swift */; };
		09B0D6C229F4FB4200DA08C3 /* shoutUITests.swift in Sources */ = {isa = PBXBuildFile; fileRef = 09B0D6C129F4FB4200DA08C3 /* shoutUITests.swift */; };
		09B0D6C429F4FB4200DA08C3 /* shoutUITestsLaunchTests.swift in Sources */ = {isa = PBXBuildFile; fileRef = 09B0D6C329F4FB4200DA08C3 /* shoutUITestsLaunchTests.swift */; };
		09D1FEDA29F53C2900B65BBF /* Color.swift in Sources */ = {isa = PBXBuildFile; fileRef = 09D1FED929F53C2900B65BBF /* Color.swift */; };
		09D1FEDC29F53CE200B65BBF /* Color.xcassets in Resources */ = {isa = PBXBuildFile; fileRef = 09D1FEDB29F53CE200B65BBF /* Color.xcassets */; };
		09D1FEE129F5421B00B65BBF /* MainView.swift in Sources */ = {isa = PBXBuildFile; fileRef = 09D1FEE029F5421B00B65BBF /* MainView.swift */; };
		09D1FEE429F5488200B65BBF /* HomeView.swift in Sources */ = {isa = PBXBuildFile; fileRef = 09D1FEE329F5488200B65BBF /* HomeView.swift */; };
		09D1FEE729F65E8B00B65BBF /* TabBarView.swift in Sources */ = {isa = PBXBuildFile; fileRef = 09D1FEE629F65E8B00B65BBF /* TabBarView.swift */; };
		09D1FEEB29F6610900B65BBF /* ProfileView.swift in Sources */ = {isa = PBXBuildFile; fileRef = 09D1FEEA29F6610900B65BBF /* ProfileView.swift */; };
		09D1FEED29F6618C00B65BBF /* BookmarkView.swift in Sources */ = {isa = PBXBuildFile; fileRef = 09D1FEEC29F6618C00B65BBF /* BookmarkView.swift */; };
		09D1FEF029F66AA300B65BBF /* View+Extension.swift in Sources */ = {isa = PBXBuildFile; fileRef = 09D1FEEF29F66AA300B65BBF /* View+Extension.swift */; };
		09D1FEF229F66AC800B65BBF /* RoundedCornerShape.swift in Sources */ = {isa = PBXBuildFile; fileRef = 09D1FEF129F66AC800B65BBF /* RoundedCornerShape.swift */; };
		09D1FEF429F67DFF00B65BBF /* MainCore.swift in Sources */ = {isa = PBXBuildFile; fileRef = 09D1FEF329F67DFF00B65BBF /* MainCore.swift */; };
		21F786E295CE3B6C95C19743 /* Pods_shout_shoutUITests.framework in Frameworks */ = {isa = PBXBuildFile; fileRef = E0A0662C4DF277CEB6E8B0F4 /* Pods_shout_shoutUITests.framework */; };
		3EB55349625FD4EEEFF52A09 /* Pods_shout.framework in Frameworks */ = {isa = PBXBuildFile; fileRef = E979415DA2E455980F588691 /* Pods_shout.framework */; };
		47FAE37CCEC6FD1210126454 /* Pods_shoutTests.framework in Frameworks */ = {isa = PBXBuildFile; fileRef = CFB45100F5D8B69093AAE73F /* Pods_shoutTests.framework */; };
/* End PBXBuildFile section */

/* Begin PBXContainerItemProxy section */
		09B0D6B429F4FB4200DA08C3 /* PBXContainerItemProxy */ = {
			isa = PBXContainerItemProxy;
			containerPortal = 09B0D69B29F4FB4100DA08C3 /* Project object */;
			proxyType = 1;
			remoteGlobalIDString = 09B0D6A229F4FB4100DA08C3;
			remoteInfo = shout;
		};
		09B0D6BE29F4FB4200DA08C3 /* PBXContainerItemProxy */ = {
			isa = PBXContainerItemProxy;
			containerPortal = 09B0D69B29F4FB4100DA08C3 /* Project object */;
			proxyType = 1;
			remoteGlobalIDString = 09B0D6A229F4FB4100DA08C3;
			remoteInfo = shout;
		};
/* End PBXContainerItemProxy section */

/* Begin PBXFileReference section */
		09B0D6A329F4FB4100DA08C3 /* shout.app */ = {isa = PBXFileReference; explicitFileType = wrapper.application; includeInIndex = 0; path = shout.app; sourceTree = BUILT_PRODUCTS_DIR; };
		09B0D6A629F4FB4100DA08C3 /* shoutApp.swift */ = {isa = PBXFileReference; lastKnownFileType = sourcecode.swift; path = shoutApp.swift; sourceTree = "<group>"; };
		09B0D6AA29F4FB4200DA08C3 /* Assets.xcassets */ = {isa = PBXFileReference; lastKnownFileType = folder.assetcatalog; path = Assets.xcassets; sourceTree = "<group>"; };
		09B0D6AD29F4FB4200DA08C3 /* Preview Assets.xcassets */ = {isa = PBXFileReference; lastKnownFileType = folder.assetcatalog; path = "Preview Assets.xcassets"; sourceTree = "<group>"; };
		09B0D6B329F4FB4200DA08C3 /* shoutTests.xctest */ = {isa = PBXFileReference; explicitFileType = wrapper.cfbundle; includeInIndex = 0; path = shoutTests.xctest; sourceTree = BUILT_PRODUCTS_DIR; };
		09B0D6B729F4FB4200DA08C3 /* shoutTests.swift */ = {isa = PBXFileReference; lastKnownFileType = sourcecode.swift; path = shoutTests.swift; sourceTree = "<group>"; };
		09B0D6BD29F4FB4200DA08C3 /* shoutUITests.xctest */ = {isa = PBXFileReference; explicitFileType = wrapper.cfbundle; includeInIndex = 0; path = shoutUITests.xctest; sourceTree = BUILT_PRODUCTS_DIR; };
		09B0D6C129F4FB4200DA08C3 /* shoutUITests.swift */ = {isa = PBXFileReference; lastKnownFileType = sourcecode.swift; path = shoutUITests.swift; sourceTree = "<group>"; };
		09B0D6C329F4FB4200DA08C3 /* shoutUITestsLaunchTests.swift */ = {isa = PBXFileReference; lastKnownFileType = sourcecode.swift; path = shoutUITestsLaunchTests.swift; sourceTree = "<group>"; };
		09D1FED929F53C2900B65BBF /* Color.swift */ = {isa = PBXFileReference; lastKnownFileType = sourcecode.swift; path = Color.swift; sourceTree = "<group>"; };
		09D1FEDB29F53CE200B65BBF /* Color.xcassets */ = {isa = PBXFileReference; lastKnownFileType = folder.assetcatalog; path = Color.xcassets; sourceTree = "<group>"; };
		09D1FEE029F5421B00B65BBF /* MainView.swift */ = {isa = PBXFileReference; lastKnownFileType = sourcecode.swift; path = MainView.swift; sourceTree = "<group>"; };
		09D1FEE329F5488200B65BBF /* HomeView.swift */ = {isa = PBXFileReference; lastKnownFileType = sourcecode.swift; path = HomeView.swift; sourceTree = "<group>"; };
		09D1FEE629F65E8B00B65BBF /* TabBarView.swift */ = {isa = PBXFileReference; lastKnownFileType = sourcecode.swift; path = TabBarView.swift; sourceTree = "<group>"; };
		09D1FEEA29F6610900B65BBF /* ProfileView.swift */ = {isa = PBXFileReference; lastKnownFileType = sourcecode.swift; path = ProfileView.swift; sourceTree = "<group>"; };
		09D1FEEC29F6618C00B65BBF /* BookmarkView.swift */ = {isa = PBXFileReference; lastKnownFileType = sourcecode.swift; path = BookmarkView.swift; sourceTree = "<group>"; };
		09D1FEEF29F66AA300B65BBF /* View+Extension.swift */ = {isa = PBXFileReference; lastKnownFileType = sourcecode.swift; path = "View+Extension.swift"; sourceTree = "<group>"; };
		09D1FEF129F66AC800B65BBF /* RoundedCornerShape.swift */ = {isa = PBXFileReference; lastKnownFileType = sourcecode.swift; path = RoundedCornerShape.swift; sourceTree = "<group>"; };
		09D1FEF329F67DFF00B65BBF /* MainCore.swift */ = {isa = PBXFileReference; lastKnownFileType = sourcecode.swift; path = MainCore.swift; sourceTree = "<group>"; };
		1642C9028DFC813C557F0614 /* Pods-shout-shoutUITests.release.xcconfig */ = {isa = PBXFileReference; includeInIndex = 1; lastKnownFileType = text.xcconfig; name = "Pods-shout-shoutUITests.release.xcconfig"; path = "Target Support Files/Pods-shout-shoutUITests/Pods-shout-shoutUITests.release.xcconfig"; sourceTree = "<group>"; };
		580B7E02EE3BD2C6BE2414CD /* Pods-shoutTests.release.xcconfig */ = {isa = PBXFileReference; includeInIndex = 1; lastKnownFileType = text.xcconfig; name = "Pods-shoutTests.release.xcconfig"; path = "Target Support Files/Pods-shoutTests/Pods-shoutTests.release.xcconfig"; sourceTree = "<group>"; };
		BACDF0AB7E2D2CD534891324 /* Pods-shout.debug.xcconfig */ = {isa = PBXFileReference; includeInIndex = 1; lastKnownFileType = text.xcconfig; name = "Pods-shout.debug.xcconfig"; path = "Target Support Files/Pods-shout/Pods-shout.debug.xcconfig"; sourceTree = "<group>"; };
		C604897360F6F7D800E844CC /* Pods-shout-shoutUITests.debug.xcconfig */ = {isa = PBXFileReference; includeInIndex = 1; lastKnownFileType = text.xcconfig; name = "Pods-shout-shoutUITests.debug.xcconfig"; path = "Target Support Files/Pods-shout-shoutUITests/Pods-shout-shoutUITests.debug.xcconfig"; sourceTree = "<group>"; };
		CFB45100F5D8B69093AAE73F /* Pods_shoutTests.framework */ = {isa = PBXFileReference; explicitFileType = wrapper.framework; includeInIndex = 0; path = Pods_shoutTests.framework; sourceTree = BUILT_PRODUCTS_DIR; };
		E0A0662C4DF277CEB6E8B0F4 /* Pods_shout_shoutUITests.framework */ = {isa = PBXFileReference; explicitFileType = wrapper.framework; includeInIndex = 0; path = Pods_shout_shoutUITests.framework; sourceTree = BUILT_PRODUCTS_DIR; };
		E979415DA2E455980F588691 /* Pods_shout.framework */ = {isa = PBXFileReference; explicitFileType = wrapper.framework; includeInIndex = 0; path = Pods_shout.framework; sourceTree = BUILT_PRODUCTS_DIR; };
		EAEBDA85A978E266017A5FA0 /* Pods-shoutTests.debug.xcconfig */ = {isa = PBXFileReference; includeInIndex = 1; lastKnownFileType = text.xcconfig; name = "Pods-shoutTests.debug.xcconfig"; path = "Target Support Files/Pods-shoutTests/Pods-shoutTests.debug.xcconfig"; sourceTree = "<group>"; };
		F92C09BAE5713C1784A2FC72 /* Pods-shout.release.xcconfig */ = {isa = PBXFileReference; includeInIndex = 1; lastKnownFileType = text.xcconfig; name = "Pods-shout.release.xcconfig"; path = "Target Support Files/Pods-shout/Pods-shout.release.xcconfig"; sourceTree = "<group>"; };
/* End PBXFileReference section */

/* Begin PBXFrameworksBuildPhase section */
		09B0D6A029F4FB4100DA08C3 /* Frameworks */ = {
			isa = PBXFrameworksBuildPhase;
			buildActionMask = 2147483647;
			files = (
				3EB55349625FD4EEEFF52A09 /* Pods_shout.framework in Frameworks */,
			);
			runOnlyForDeploymentPostprocessing = 0;
		};
		09B0D6B029F4FB4200DA08C3 /* Frameworks */ = {
			isa = PBXFrameworksBuildPhase;
			buildActionMask = 2147483647;
			files = (
				47FAE37CCEC6FD1210126454 /* Pods_shoutTests.framework in Frameworks */,
			);
			runOnlyForDeploymentPostprocessing = 0;
		};
		09B0D6BA29F4FB4200DA08C3 /* Frameworks */ = {
			isa = PBXFrameworksBuildPhase;
			buildActionMask = 2147483647;
			files = (
				21F786E295CE3B6C95C19743 /* Pods_shout_shoutUITests.framework in Frameworks */,
			);
			runOnlyForDeploymentPostprocessing = 0;
		};
/* End PBXFrameworksBuildPhase section */

/* Begin PBXGroup section */
		09B0D69A29F4FB4100DA08C3 = {
			isa = PBXGroup;
			children = (
				09B0D6A529F4FB4100DA08C3 /* shout */,
				09B0D6B629F4FB4200DA08C3 /* shoutTests */,
				09B0D6C029F4FB4200DA08C3 /* shoutUITests */,
				09B0D6A429F4FB4100DA08C3 /* Products */,
				E7ADC9D4167E1F199FB9CBD4 /* Pods */,
				0FE12B8680B00D320749EF95 /* Frameworks */,
			);
			sourceTree = "<group>";
		};
		09B0D6A429F4FB4100DA08C3 /* Products */ = {
			isa = PBXGroup;
			children = (
				09B0D6A329F4FB4100DA08C3 /* shout.app */,
				09B0D6B329F4FB4200DA08C3 /* shoutTests.xctest */,
				09B0D6BD29F4FB4200DA08C3 /* shoutUITests.xctest */,
			);
			name = Products;
			sourceTree = "<group>";
		};
		09B0D6A529F4FB4100DA08C3 /* shout */ = {
			isa = PBXGroup;
			children = (
				09D1FEDE29F541E400B65BBF /* View */,
				09D1FEDD29F53D0500B65BBF /* Resource */,
				09D1FED829F53BF900B65BBF /* Common */,
				09B0D6AC29F4FB4200DA08C3 /* Preview Content */,
			);
			path = shout;
			sourceTree = "<group>";
		};
		09B0D6AC29F4FB4200DA08C3 /* Preview Content */ = {
			isa = PBXGroup;
			children = (
				09B0D6AD29F4FB4200DA08C3 /* Preview Assets.xcassets */,
			);
			path = "Preview Content";
			sourceTree = "<group>";
		};
		09B0D6B629F4FB4200DA08C3 /* shoutTests */ = {
			isa = PBXGroup;
			children = (
				09B0D6B729F4FB4200DA08C3 /* shoutTests.swift */,
			);
			path = shoutTests;
			sourceTree = "<group>";
		};
		09B0D6C029F4FB4200DA08C3 /* shoutUITests */ = {
			isa = PBXGroup;
			children = (
				09B0D6C129F4FB4200DA08C3 /* shoutUITests.swift */,
				09B0D6C329F4FB4200DA08C3 /* shoutUITestsLaunchTests.swift */,
			);
			path = shoutUITests;
			sourceTree = "<group>";
		};
		09D1FED829F53BF900B65BBF /* Common */ = {
			isa = PBXGroup;
			children = (
				09D1FED929F53C2900B65BBF /* Color.swift */,
			);
			path = Common;
			sourceTree = "<group>";
		};
		09D1FEDD29F53D0500B65BBF /* Resource */ = {
			isa = PBXGroup;
			children = (
				09B0D6AA29F4FB4200DA08C3 /* Assets.xcassets */,
				09D1FEDB29F53CE200B65BBF /* Color.xcassets */,
			);
			path = Resource;
			sourceTree = "<group>";
		};
		09D1FEDE29F541E400B65BBF /* View */ = {
			isa = PBXGroup;
			children = (
				09D1FEEE29F669F000B65BBF /* Extension */,
				09D1FEE929F660BB00B65BBF /* Profile */,
				09D1FEE829F660AE00B65BBF /* Bookmark */,
				09D1FEE529F54CB000B65BBF /* Component */,
				09D1FEE229F5487400B65BBF /* Home */,
				09D1FEDF29F5420300B65BBF /* Main */,
				09B0D6A629F4FB4100DA08C3 /* shoutApp.swift */,
			);
			path = View;
			sourceTree = "<group>";
		};
		09D1FEDF29F5420300B65BBF /* Main */ = {
			isa = PBXGroup;
			children = (
				09D1FEE029F5421B00B65BBF /* MainView.swift */,
				09D1FEF329F67DFF00B65BBF /* MainCore.swift */,
				09D1FEE629F65E8B00B65BBF /* TabBarView.swift */,
			);
			path = Main;
			sourceTree = "<group>";
		};
		09D1FEE229F5487400B65BBF /* Home */ = {
			isa = PBXGroup;
			children = (
				09D1FEE329F5488200B65BBF /* HomeView.swift */,
			);
			path = Home;
			sourceTree = "<group>";
		};
		09D1FEE529F54CB000B65BBF /* Component */ = {
			isa = PBXGroup;
			children = (
				09D1FEF129F66AC800B65BBF /* RoundedCornerShape.swift */,
			);
			path = Component;
			sourceTree = "<group>";
		};
		09D1FEE829F660AE00B65BBF /* Bookmark */ = {
			isa = PBXGroup;
			children = (
				09D1FEEC29F6618C00B65BBF /* BookmarkView.swift */,
			);
			path = Bookmark;
			sourceTree = "<group>";
		};
		09D1FEE929F660BB00B65BBF /* Profile */ = {
			isa = PBXGroup;
			children = (
				09D1FEEA29F6610900B65BBF /* ProfileView.swift */,
			);
			path = Profile;
			sourceTree = "<group>";
		};
		09D1FEEE29F669F000B65BBF /* Extension */ = {
			isa = PBXGroup;
			children = (
				09D1FEEF29F66AA300B65BBF /* View+Extension.swift */,
			);
			path = Extension;
			sourceTree = "<group>";
		};
		0FE12B8680B00D320749EF95 /* Frameworks */ = {
			isa = PBXGroup;
			children = (
				E979415DA2E455980F588691 /* Pods_shout.framework */,
				E0A0662C4DF277CEB6E8B0F4 /* Pods_shout_shoutUITests.framework */,
				CFB45100F5D8B69093AAE73F /* Pods_shoutTests.framework */,
			);
			name = Frameworks;
			sourceTree = "<group>";
		};
		E7ADC9D4167E1F199FB9CBD4 /* Pods */ = {
			isa = PBXGroup;
			children = (
				BACDF0AB7E2D2CD534891324 /* Pods-shout.debug.xcconfig */,
				F92C09BAE5713C1784A2FC72 /* Pods-shout.release.xcconfig */,
				C604897360F6F7D800E844CC /* Pods-shout-shoutUITests.debug.xcconfig */,
				1642C9028DFC813C557F0614 /* Pods-shout-shoutUITests.release.xcconfig */,
				EAEBDA85A978E266017A5FA0 /* Pods-shoutTests.debug.xcconfig */,
				580B7E02EE3BD2C6BE2414CD /* Pods-shoutTests.release.xcconfig */,
			);
			path = Pods;
			sourceTree = "<group>";
		};
/* End PBXGroup section */

/* Begin PBXNativeTarget section */
		09B0D6A229F4FB4100DA08C3 /* shout */ = {
			isa = PBXNativeTarget;
			buildConfigurationList = 09B0D6C729F4FB4200DA08C3 /* Build configuration list for PBXNativeTarget "shout" */;
			buildPhases = (
				94F4F71B33B5D6D0CDDA4351 /* [CP] Check Pods Manifest.lock */,
				09B0D69F29F4FB4100DA08C3 /* Sources */,
				09B0D6A029F4FB4100DA08C3 /* Frameworks */,
				09B0D6A129F4FB4100DA08C3 /* Resources */,
				2DA92ED1C667063665C41D7A /* [CP] Embed Pods Frameworks */,
			);
			buildRules = (
			);
			dependencies = (
			);
			name = shout;
			productName = shout;
			productReference = 09B0D6A329F4FB4100DA08C3 /* shout.app */;
			productType = "com.apple.product-type.application";
		};
		09B0D6B229F4FB4200DA08C3 /* shoutTests */ = {
			isa = PBXNativeTarget;
			buildConfigurationList = 09B0D6CA29F4FB4200DA08C3 /* Build configuration list for PBXNativeTarget "shoutTests" */;
			buildPhases = (
				2F6246195B6E1F4BAD347446 /* [CP] Check Pods Manifest.lock */,
				09B0D6AF29F4FB4200DA08C3 /* Sources */,
				09B0D6B029F4FB4200DA08C3 /* Frameworks */,
				09B0D6B129F4FB4200DA08C3 /* Resources */,
			);
			buildRules = (
			);
			dependencies = (
				09B0D6B529F4FB4200DA08C3 /* PBXTargetDependency */,
			);
			name = shoutTests;
			productName = shoutTests;
			productReference = 09B0D6B329F4FB4200DA08C3 /* shoutTests.xctest */;
			productType = "com.apple.product-type.bundle.unit-test";
		};
		09B0D6BC29F4FB4200DA08C3 /* shoutUITests */ = {
			isa = PBXNativeTarget;
			buildConfigurationList = 09B0D6CD29F4FB4200DA08C3 /* Build configuration list for PBXNativeTarget "shoutUITests" */;
			buildPhases = (
				19122935BD5BAD070A688B80 /* [CP] Check Pods Manifest.lock */,
				09B0D6B929F4FB4200DA08C3 /* Sources */,
				09B0D6BA29F4FB4200DA08C3 /* Frameworks */,
				09B0D6BB29F4FB4200DA08C3 /* Resources */,
				100E768FD60525074D5B77BB /* [CP] Embed Pods Frameworks */,
			);
			buildRules = (
			);
			dependencies = (
				09B0D6BF29F4FB4200DA08C3 /* PBXTargetDependency */,
			);
			name = shoutUITests;
			productName = shoutUITests;
			productReference = 09B0D6BD29F4FB4200DA08C3 /* shoutUITests.xctest */;
			productType = "com.apple.product-type.bundle.ui-testing";
		};
/* End PBXNativeTarget section */

/* Begin PBXProject section */
		09B0D69B29F4FB4100DA08C3 /* Project object */ = {
			isa = PBXProject;
			attributes = {
				BuildIndependentTargetsInParallel = 1;
				LastSwiftUpdateCheck = 1400;
				LastUpgradeCheck = 1400;
				TargetAttributes = {
					09B0D6A229F4FB4100DA08C3 = {
						CreatedOnToolsVersion = 14.0.1;
					};
					09B0D6B229F4FB4200DA08C3 = {
						CreatedOnToolsVersion = 14.0.1;
						TestTargetID = 09B0D6A229F4FB4100DA08C3;
					};
					09B0D6BC29F4FB4200DA08C3 = {
						CreatedOnToolsVersion = 14.0.1;
						TestTargetID = 09B0D6A229F4FB4100DA08C3;
					};
				};
			};
			buildConfigurationList = 09B0D69E29F4FB4100DA08C3 /* Build configuration list for PBXProject "shout" */;
			compatibilityVersion = "Xcode 14.0";
			developmentRegion = en;
			hasScannedForEncodings = 0;
			knownRegions = (
				en,
				Base,
			);
			mainGroup = 09B0D69A29F4FB4100DA08C3;
			productRefGroup = 09B0D6A429F4FB4100DA08C3 /* Products */;
			projectDirPath = "";
			projectRoot = "";
			targets = (
				09B0D6A229F4FB4100DA08C3 /* shout */,
				09B0D6B229F4FB4200DA08C3 /* shoutTests */,
				09B0D6BC29F4FB4200DA08C3 /* shoutUITests */,
			);
		};
/* End PBXProject section */

/* Begin PBXResourcesBuildPhase section */
		09B0D6A129F4FB4100DA08C3 /* Resources */ = {
			isa = PBXResourcesBuildPhase;
			buildActionMask = 2147483647;
			files = (
				09B0D6AE29F4FB4200DA08C3 /* Preview Assets.xcassets in Resources */,
				09B0D6AB29F4FB4200DA08C3 /* Assets.xcassets in Resources */,
				09D1FEDC29F53CE200B65BBF /* Color.xcassets in Resources */,
			);
			runOnlyForDeploymentPostprocessing = 0;
		};
		09B0D6B129F4FB4200DA08C3 /* Resources */ = {
			isa = PBXResourcesBuildPhase;
			buildActionMask = 2147483647;
			files = (
			);
			runOnlyForDeploymentPostprocessing = 0;
		};
		09B0D6BB29F4FB4200DA08C3 /* Resources */ = {
			isa = PBXResourcesBuildPhase;
			buildActionMask = 2147483647;
			files = (
			);
			runOnlyForDeploymentPostprocessing = 0;
		};
/* End PBXResourcesBuildPhase section */

/* Begin PBXShellScriptBuildPhase section */
		100E768FD60525074D5B77BB /* [CP] Embed Pods Frameworks */ = {
			isa = PBXShellScriptBuildPhase;
			buildActionMask = 2147483647;
			files = (
			);
			inputFileListPaths = (
				"${PODS_ROOT}/Target Support Files/Pods-shout-shoutUITests/Pods-shout-shoutUITests-frameworks-${CONFIGURATION}-input-files.xcfilelist",
			);
			name = "[CP] Embed Pods Frameworks";
			outputFileListPaths = (
				"${PODS_ROOT}/Target Support Files/Pods-shout-shoutUITests/Pods-shout-shoutUITests-frameworks-${CONFIGURATION}-output-files.xcfilelist",
			);
			runOnlyForDeploymentPostprocessing = 0;
			shellPath = /bin/sh;
			shellScript = "\"${PODS_ROOT}/Target Support Files/Pods-shout-shoutUITests/Pods-shout-shoutUITests-frameworks.sh\"\n";
			showEnvVarsInLog = 0;
		};
		19122935BD5BAD070A688B80 /* [CP] Check Pods Manifest.lock */ = {
			isa = PBXShellScriptBuildPhase;
			buildActionMask = 2147483647;
			files = (
			);
			inputFileListPaths = (
			);
			inputPaths = (
				"${PODS_PODFILE_DIR_PATH}/Podfile.lock",
				"${PODS_ROOT}/Manifest.lock",
			);
			name = "[CP] Check Pods Manifest.lock";
			outputFileListPaths = (
			);
			outputPaths = (
				"$(DERIVED_FILE_DIR)/Pods-shout-shoutUITests-checkManifestLockResult.txt",
			);
			runOnlyForDeploymentPostprocessing = 0;
			shellPath = /bin/sh;
			shellScript = "diff \"${PODS_PODFILE_DIR_PATH}/Podfile.lock\" \"${PODS_ROOT}/Manifest.lock\" > /dev/null\nif [ $? != 0 ] ; then\n    # print error to STDERR\n    echo \"error: The sandbox is not in sync with the Podfile.lock. Run 'pod install' or update your CocoaPods installation.\" >&2\n    exit 1\nfi\n# This output is used by Xcode 'outputs' to avoid re-running this script phase.\necho \"SUCCESS\" > \"${SCRIPT_OUTPUT_FILE_0}\"\n";
			showEnvVarsInLog = 0;
		};
		2DA92ED1C667063665C41D7A /* [CP] Embed Pods Frameworks */ = {
			isa = PBXShellScriptBuildPhase;
			buildActionMask = 2147483647;
			files = (
			);
			inputFileListPaths = (
				"${PODS_ROOT}/Target Support Files/Pods-shout/Pods-shout-frameworks-${CONFIGURATION}-input-files.xcfilelist",
			);
			name = "[CP] Embed Pods Frameworks";
			outputFileListPaths = (
				"${PODS_ROOT}/Target Support Files/Pods-shout/Pods-shout-frameworks-${CONFIGURATION}-output-files.xcfilelist",
			);
			runOnlyForDeploymentPostprocessing = 0;
			shellPath = /bin/sh;
			shellScript = "\"${PODS_ROOT}/Target Support Files/Pods-shout/Pods-shout-frameworks.sh\"\n";
			showEnvVarsInLog = 0;
		};
		2F6246195B6E1F4BAD347446 /* [CP] Check Pods Manifest.lock */ = {
			isa = PBXShellScriptBuildPhase;
			buildActionMask = 2147483647;
			files = (
			);
			inputFileListPaths = (
			);
			inputPaths = (
				"${PODS_PODFILE_DIR_PATH}/Podfile.lock",
				"${PODS_ROOT}/Manifest.lock",
			);
			name = "[CP] Check Pods Manifest.lock";
			outputFileListPaths = (
			);
			outputPaths = (
				"$(DERIVED_FILE_DIR)/Pods-shoutTests-checkManifestLockResult.txt",
			);
			runOnlyForDeploymentPostprocessing = 0;
			shellPath = /bin/sh;
			shellScript = "diff \"${PODS_PODFILE_DIR_PATH}/Podfile.lock\" \"${PODS_ROOT}/Manifest.lock\" > /dev/null\nif [ $? != 0 ] ; then\n    # print error to STDERR\n    echo \"error: The sandbox is not in sync with the Podfile.lock. Run 'pod install' or update your CocoaPods installation.\" >&2\n    exit 1\nfi\n# This output is used by Xcode 'outputs' to avoid re-running this script phase.\necho \"SUCCESS\" > \"${SCRIPT_OUTPUT_FILE_0}\"\n";
			showEnvVarsInLog = 0;
		};
		94F4F71B33B5D6D0CDDA4351 /* [CP] Check Pods Manifest.lock */ = {
			isa = PBXShellScriptBuildPhase;
			buildActionMask = 2147483647;
			files = (
			);
			inputFileListPaths = (
			);
			inputPaths = (
				"${PODS_PODFILE_DIR_PATH}/Podfile.lock",
				"${PODS_ROOT}/Manifest.lock",
			);
			name = "[CP] Check Pods Manifest.lock";
			outputFileListPaths = (
			);
			outputPaths = (
				"$(DERIVED_FILE_DIR)/Pods-shout-checkManifestLockResult.txt",
			);
			runOnlyForDeploymentPostprocessing = 0;
			shellPath = /bin/sh;
			shellScript = "diff \"${PODS_PODFILE_DIR_PATH}/Podfile.lock\" \"${PODS_ROOT}/Manifest.lock\" > /dev/null\nif [ $? != 0 ] ; then\n    # print error to STDERR\n    echo \"error: The sandbox is not in sync with the Podfile.lock. Run 'pod install' or update your CocoaPods installation.\" >&2\n    exit 1\nfi\n# This output is used by Xcode 'outputs' to avoid re-running this script phase.\necho \"SUCCESS\" > \"${SCRIPT_OUTPUT_FILE_0}\"\n";
			showEnvVarsInLog = 0;
		};
/* End PBXShellScriptBuildPhase section */

/* Begin PBXSourcesBuildPhase section */
		09B0D69F29F4FB4100DA08C3 /* Sources */ = {
			isa = PBXSourcesBuildPhase;
			buildActionMask = 2147483647;
			files = (
				09D1FEF429F67DFF00B65BBF /* MainCore.swift in Sources */,
				09D1FEE129F5421B00B65BBF /* MainView.swift in Sources */,
				09D1FEED29F6618C00B65BBF /* BookmarkView.swift in Sources */,
				09D1FEF029F66AA300B65BBF /* View+Extension.swift in Sources */,
				09D1FEE429F5488200B65BBF /* HomeView.swift in Sources */,
				09B0D6A729F4FB4100DA08C3 /* shoutApp.swift in Sources */,
				09D1FEF229F66AC800B65BBF /* RoundedCornerShape.swift in Sources */,
				09D1FEE729F65E8B00B65BBF /* TabBarView.swift in Sources */,
				09D1FEEB29F6610900B65BBF /* ProfileView.swift in Sources */,
				09D1FEDA29F53C2900B65BBF /* Color.swift in Sources */,
			);
			runOnlyForDeploymentPostprocessing = 0;
		};
		09B0D6AF29F4FB4200DA08C3 /* Sources */ = {
			isa = PBXSourcesBuildPhase;
			buildActionMask = 2147483647;
			files = (
				09B0D6B829F4FB4200DA08C3 /* shoutTests.swift in Sources */,
			);
			runOnlyForDeploymentPostprocessing = 0;
		};
		09B0D6B929F4FB4200DA08C3 /* Sources */ = {
			isa = PBXSourcesBuildPhase;
			buildActionMask = 2147483647;
			files = (
				09B0D6C429F4FB4200DA08C3 /* shoutUITestsLaunchTests.swift in Sources */,
				09B0D6C229F4FB4200DA08C3 /* shoutUITests.swift in Sources */,
			);
			runOnlyForDeploymentPostprocessing = 0;
		};
/* End PBXSourcesBuildPhase section */

/* Begin PBXTargetDependency section */
		09B0D6B529F4FB4200DA08C3 /* PBXTargetDependency */ = {
			isa = PBXTargetDependency;
			target = 09B0D6A229F4FB4100DA08C3 /* shout */;
			targetProxy = 09B0D6B429F4FB4200DA08C3 /* PBXContainerItemProxy */;
		};
		09B0D6BF29F4FB4200DA08C3 /* PBXTargetDependency */ = {
			isa = PBXTargetDependency;
			target = 09B0D6A229F4FB4100DA08C3 /* shout */;
			targetProxy = 09B0D6BE29F4FB4200DA08C3 /* PBXContainerItemProxy */;
		};
/* End PBXTargetDependency section */

/* Begin XCBuildConfiguration section */
		09B0D6C529F4FB4200DA08C3 /* Debug */ = {
			isa = XCBuildConfiguration;
			buildSettings = {
				ALWAYS_SEARCH_USER_PATHS = NO;
				CLANG_ANALYZER_NONNULL = YES;
				CLANG_ANALYZER_NUMBER_OBJECT_CONVERSION = YES_AGGRESSIVE;
				CLANG_CXX_LANGUAGE_STANDARD = "gnu++20";
				CLANG_ENABLE_MODULES = YES;
				CLANG_ENABLE_OBJC_ARC = YES;
				CLANG_ENABLE_OBJC_WEAK = YES;
				CLANG_WARN_BLOCK_CAPTURE_AUTORELEASING = YES;
				CLANG_WARN_BOOL_CONVERSION = YES;
				CLANG_WARN_COMMA = YES;
				CLANG_WARN_CONSTANT_CONVERSION = YES;
				CLANG_WARN_DEPRECATED_OBJC_IMPLEMENTATIONS = YES;
				CLANG_WARN_DIRECT_OBJC_ISA_USAGE = YES_ERROR;
				CLANG_WARN_DOCUMENTATION_COMMENTS = YES;
				CLANG_WARN_EMPTY_BODY = YES;
				CLANG_WARN_ENUM_CONVERSION = YES;
				CLANG_WARN_INFINITE_RECURSION = YES;
				CLANG_WARN_INT_CONVERSION = YES;
				CLANG_WARN_NON_LITERAL_NULL_CONVERSION = YES;
				CLANG_WARN_OBJC_IMPLICIT_RETAIN_SELF = YES;
				CLANG_WARN_OBJC_LITERAL_CONVERSION = YES;
				CLANG_WARN_OBJC_ROOT_CLASS = YES_ERROR;
				CLANG_WARN_QUOTED_INCLUDE_IN_FRAMEWORK_HEADER = YES;
				CLANG_WARN_RANGE_LOOP_ANALYSIS = YES;
				CLANG_WARN_STRICT_PROTOTYPES = YES;
				CLANG_WARN_SUSPICIOUS_MOVE = YES;
				CLANG_WARN_UNGUARDED_AVAILABILITY = YES_AGGRESSIVE;
				CLANG_WARN_UNREACHABLE_CODE = YES;
				CLANG_WARN__DUPLICATE_METHOD_MATCH = YES;
				COPY_PHASE_STRIP = NO;
				DEBUG_INFORMATION_FORMAT = dwarf;
				ENABLE_STRICT_OBJC_MSGSEND = YES;
				ENABLE_TESTABILITY = YES;
				GCC_C_LANGUAGE_STANDARD = gnu11;
				GCC_DYNAMIC_NO_PIC = NO;
				GCC_NO_COMMON_BLOCKS = YES;
				GCC_OPTIMIZATION_LEVEL = 0;
				GCC_PREPROCESSOR_DEFINITIONS = (
					"DEBUG=1",
					"$(inherited)",
				);
				GCC_WARN_64_TO_32_BIT_CONVERSION = YES;
				GCC_WARN_ABOUT_RETURN_TYPE = YES_ERROR;
				GCC_WARN_UNDECLARED_SELECTOR = YES;
				GCC_WARN_UNINITIALIZED_AUTOS = YES_AGGRESSIVE;
				GCC_WARN_UNUSED_FUNCTION = YES;
				GCC_WARN_UNUSED_VARIABLE = YES;
				IPHONEOS_DEPLOYMENT_TARGET = 16.0;
				MTL_ENABLE_DEBUG_INFO = INCLUDE_SOURCE;
				MTL_FAST_MATH = YES;
				ONLY_ACTIVE_ARCH = YES;
				SDKROOT = iphoneos;
				SWIFT_ACTIVE_COMPILATION_CONDITIONS = DEBUG;
				SWIFT_OPTIMIZATION_LEVEL = "-Onone";
			};
			name = Debug;
		};
		09B0D6C629F4FB4200DA08C3 /* Release */ = {
			isa = XCBuildConfiguration;
			buildSettings = {
				ALWAYS_SEARCH_USER_PATHS = NO;
				CLANG_ANALYZER_NONNULL = YES;
				CLANG_ANALYZER_NUMBER_OBJECT_CONVERSION = YES_AGGRESSIVE;
				CLANG_CXX_LANGUAGE_STANDARD = "gnu++20";
				CLANG_ENABLE_MODULES = YES;
				CLANG_ENABLE_OBJC_ARC = YES;
				CLANG_ENABLE_OBJC_WEAK = YES;
				CLANG_WARN_BLOCK_CAPTURE_AUTORELEASING = YES;
				CLANG_WARN_BOOL_CONVERSION = YES;
				CLANG_WARN_COMMA = YES;
				CLANG_WARN_CONSTANT_CONVERSION = YES;
				CLANG_WARN_DEPRECATED_OBJC_IMPLEMENTATIONS = YES;
				CLANG_WARN_DIRECT_OBJC_ISA_USAGE = YES_ERROR;
				CLANG_WARN_DOCUMENTATION_COMMENTS = YES;
				CLANG_WARN_EMPTY_BODY = YES;
				CLANG_WARN_ENUM_CONVERSION = YES;
				CLANG_WARN_INFINITE_RECURSION = YES;
				CLANG_WARN_INT_CONVERSION = YES;
				CLANG_WARN_NON_LITERAL_NULL_CONVERSION = YES;
				CLANG_WARN_OBJC_IMPLICIT_RETAIN_SELF = YES;
				CLANG_WARN_OBJC_LITERAL_CONVERSION = YES;
				CLANG_WARN_OBJC_ROOT_CLASS = YES_ERROR;
				CLANG_WARN_QUOTED_INCLUDE_IN_FRAMEWORK_HEADER = YES;
				CLANG_WARN_RANGE_LOOP_ANALYSIS = YES;
				CLANG_WARN_STRICT_PROTOTYPES = YES;
				CLANG_WARN_SUSPICIOUS_MOVE = YES;
				CLANG_WARN_UNGUARDED_AVAILABILITY = YES_AGGRESSIVE;
				CLANG_WARN_UNREACHABLE_CODE = YES;
				CLANG_WARN__DUPLICATE_METHOD_MATCH = YES;
				COPY_PHASE_STRIP = NO;
				DEBUG_INFORMATION_FORMAT = "dwarf-with-dsym";
				ENABLE_NS_ASSERTIONS = NO;
				ENABLE_STRICT_OBJC_MSGSEND = YES;
				GCC_C_LANGUAGE_STANDARD = gnu11;
				GCC_NO_COMMON_BLOCKS = YES;
				GCC_WARN_64_TO_32_BIT_CONVERSION = YES;
				GCC_WARN_ABOUT_RETURN_TYPE = YES_ERROR;
				GCC_WARN_UNDECLARED_SELECTOR = YES;
				GCC_WARN_UNINITIALIZED_AUTOS = YES_AGGRESSIVE;
				GCC_WARN_UNUSED_FUNCTION = YES;
				GCC_WARN_UNUSED_VARIABLE = YES;
				IPHONEOS_DEPLOYMENT_TARGET = 16.0;
				MTL_ENABLE_DEBUG_INFO = NO;
				MTL_FAST_MATH = YES;
				SDKROOT = iphoneos;
				SWIFT_COMPILATION_MODE = wholemodule;
				SWIFT_OPTIMIZATION_LEVEL = "-O";
				VALIDATE_PRODUCT = YES;
			};
			name = Release;
		};
		09B0D6C829F4FB4200DA08C3 /* Debug */ = {
			isa = XCBuildConfiguration;
			baseConfigurationReference = BACDF0AB7E2D2CD534891324 /* Pods-shout.debug.xcconfig */;
			buildSettings = {
				ASSETCATALOG_COMPILER_APPICON_NAME = AppIcon;
				ASSETCATALOG_COMPILER_GLOBAL_ACCENT_COLOR_NAME = AccentColor;
				CODE_SIGN_STYLE = Automatic;
				CURRENT_PROJECT_VERSION = 1;
				DEVELOPMENT_ASSET_PATHS = "\"shout/Preview Content\"";
				DEVELOPMENT_TEAM = 35Z5L89946;
				ENABLE_PREVIEWS = YES;
				GENERATE_INFOPLIST_FILE = YES;
				INFOPLIST_KEY_CFBundleDisplayName = "외침";
				INFOPLIST_KEY_UIApplicationSceneManifest_Generation = YES;
				INFOPLIST_KEY_UIApplicationSupportsIndirectInputEvents = YES;
				INFOPLIST_KEY_UILaunchScreen_Generation = YES;
				INFOPLIST_KEY_UIStatusBarStyle = "";
				INFOPLIST_KEY_UISupportedInterfaceOrientations = UIInterfaceOrientationPortrait;
				INFOPLIST_KEY_UISupportedInterfaceOrientations_iPad = "UIInterfaceOrientationPortrait UIInterfaceOrientationPortraitUpsideDown";
				IPHONEOS_DEPLOYMENT_TARGET = 15.0;
				LD_RUNPATH_SEARCH_PATHS = (
					"$(inherited)",
					"@executable_path/Frameworks",
				);
				MARKETING_VERSION = 1.0;
				PRODUCT_BUNDLE_IDENTIFIER = com.rokwonk.shout;
				PRODUCT_NAME = "$(TARGET_NAME)";
				SWIFT_EMIT_LOC_STRINGS = YES;
				SWIFT_VERSION = 5.0;
				TARGETED_DEVICE_FAMILY = "1,2";
			};
			name = Debug;
		};
		09B0D6C929F4FB4200DA08C3 /* Release */ = {
			isa = XCBuildConfiguration;
			baseConfigurationReference = F92C09BAE5713C1784A2FC72 /* Pods-shout.release.xcconfig */;
			buildSettings = {
				ASSETCATALOG_COMPILER_APPICON_NAME = AppIcon;
				ASSETCATALOG_COMPILER_GLOBAL_ACCENT_COLOR_NAME = AccentColor;
				CODE_SIGN_STYLE = Automatic;
				CURRENT_PROJECT_VERSION = 1;
				DEVELOPMENT_ASSET_PATHS = "\"shout/Preview Content\"";
				DEVELOPMENT_TEAM = 35Z5L89946;
				ENABLE_PREVIEWS = YES;
				GENERATE_INFOPLIST_FILE = YES;
				INFOPLIST_KEY_CFBundleDisplayName = "외침";
				INFOPLIST_KEY_UIApplicationSceneManifest_Generation = YES;
				INFOPLIST_KEY_UIApplicationSupportsIndirectInputEvents = YES;
				INFOPLIST_KEY_UILaunchScreen_Generation = YES;
				INFOPLIST_KEY_UIStatusBarStyle = "";
				INFOPLIST_KEY_UISupportedInterfaceOrientations = UIInterfaceOrientationPortrait;
				INFOPLIST_KEY_UISupportedInterfaceOrientations_iPad = "UIInterfaceOrientationPortrait UIInterfaceOrientationPortraitUpsideDown";
				IPHONEOS_DEPLOYMENT_TARGET = 15.0;
				LD_RUNPATH_SEARCH_PATHS = (
					"$(inherited)",
					"@executable_path/Frameworks",
				);
				MARKETING_VERSION = 1.0;
				PRODUCT_BUNDLE_IDENTIFIER = com.rokwonk.shout;
				PRODUCT_NAME = "$(TARGET_NAME)";
				SWIFT_EMIT_LOC_STRINGS = YES;
				SWIFT_VERSION = 5.0;
				TARGETED_DEVICE_FAMILY = "1,2";
			};
			name = Release;
		};
		09B0D6CB29F4FB4200DA08C3 /* Debug */ = {
			isa = XCBuildConfiguration;
			baseConfigurationReference = EAEBDA85A978E266017A5FA0 /* Pods-shoutTests.debug.xcconfig */;
			buildSettings = {
				ALWAYS_EMBED_SWIFT_STANDARD_LIBRARIES = YES;
				BUNDLE_LOADER = "$(TEST_HOST)";
				CODE_SIGN_STYLE = Automatic;
				CURRENT_PROJECT_VERSION = 1;
				DEVELOPMENT_TEAM = 35Z5L89946;
				GENERATE_INFOPLIST_FILE = YES;
				IPHONEOS_DEPLOYMENT_TARGET = 16.0;
				MARKETING_VERSION = 1.0;
				PRODUCT_BUNDLE_IDENTIFIER = com.rokwonk.shoutTests;
				PRODUCT_NAME = "$(TARGET_NAME)";
				SWIFT_EMIT_LOC_STRINGS = NO;
				SWIFT_VERSION = 5.0;
				TARGETED_DEVICE_FAMILY = "1,2";
				TEST_HOST = "$(BUILT_PRODUCTS_DIR)/shout.app/$(BUNDLE_EXECUTABLE_FOLDER_PATH)/shout";
			};
			name = Debug;
		};
		09B0D6CC29F4FB4200DA08C3 /* Release */ = {
			isa = XCBuildConfiguration;
			baseConfigurationReference = 580B7E02EE3BD2C6BE2414CD /* Pods-shoutTests.release.xcconfig */;
			buildSettings = {
				ALWAYS_EMBED_SWIFT_STANDARD_LIBRARIES = YES;
				BUNDLE_LOADER = "$(TEST_HOST)";
				CODE_SIGN_STYLE = Automatic;
				CURRENT_PROJECT_VERSION = 1;
				DEVELOPMENT_TEAM = 35Z5L89946;
				GENERATE_INFOPLIST_FILE = YES;
				IPHONEOS_DEPLOYMENT_TARGET = 16.0;
				MARKETING_VERSION = 1.0;
				PRODUCT_BUNDLE_IDENTIFIER = com.rokwonk.shoutTests;
				PRODUCT_NAME = "$(TARGET_NAME)";
				SWIFT_EMIT_LOC_STRINGS = NO;
				SWIFT_VERSION = 5.0;
				TARGETED_DEVICE_FAMILY = "1,2";
				TEST_HOST = "$(BUILT_PRODUCTS_DIR)/shout.app/$(BUNDLE_EXECUTABLE_FOLDER_PATH)/shout";
			};
			name = Release;
		};
		09B0D6CE29F4FB4200DA08C3 /* Debug */ = {
			isa = XCBuildConfiguration;
			baseConfigurationReference = C604897360F6F7D800E844CC /* Pods-shout-shoutUITests.debug.xcconfig */;
			buildSettings = {
				ALWAYS_EMBED_SWIFT_STANDARD_LIBRARIES = YES;
				CODE_SIGN_STYLE = Automatic;
				CURRENT_PROJECT_VERSION = 1;
				DEVELOPMENT_TEAM = 35Z5L89946;
				GENERATE_INFOPLIST_FILE = YES;
				MARKETING_VERSION = 1.0;
				PRODUCT_BUNDLE_IDENTIFIER = com.rokwonk.shoutUITests;
				PRODUCT_NAME = "$(TARGET_NAME)";
				SWIFT_EMIT_LOC_STRINGS = NO;
				SWIFT_VERSION = 5.0;
				TARGETED_DEVICE_FAMILY = "1,2";
				TEST_TARGET_NAME = shout;
			};
			name = Debug;
		};
		09B0D6CF29F4FB4200DA08C3 /* Release */ = {
			isa = XCBuildConfiguration;
			baseConfigurationReference = 1642C9028DFC813C557F0614 /* Pods-shout-shoutUITests.release.xcconfig */;
			buildSettings = {
				ALWAYS_EMBED_SWIFT_STANDARD_LIBRARIES = YES;
				CODE_SIGN_STYLE = Automatic;
				CURRENT_PROJECT_VERSION = 1;
				DEVELOPMENT_TEAM = 35Z5L89946;
				GENERATE_INFOPLIST_FILE = YES;
				MARKETING_VERSION = 1.0;
				PRODUCT_BUNDLE_IDENTIFIER = com.rokwonk.shoutUITests;
				PRODUCT_NAME = "$(TARGET_NAME)";
				SWIFT_EMIT_LOC_STRINGS = NO;
				SWIFT_VERSION = 5.0;
				TARGETED_DEVICE_FAMILY = "1,2";
				TEST_TARGET_NAME = shout;
			};
			name = Release;
		};
/* End XCBuildConfiguration section */

/* Begin XCConfigurationList section */
		09B0D69E29F4FB4100DA08C3 /* Build configuration list for PBXProject "shout" */ = {
			isa = XCConfigurationList;
			buildConfigurations = (
				09B0D6C529F4FB4200DA08C3 /* Debug */,
				09B0D6C629F4FB4200DA08C3 /* Release */,
			);
			defaultConfigurationIsVisible = 0;
			defaultConfigurationName = Release;
		};
		09B0D6C729F4FB4200DA08C3 /* Build configuration list for PBXNativeTarget "shout" */ = {
			isa = XCConfigurationList;
			buildConfigurations = (
				09B0D6C829F4FB4200DA08C3 /* Debug */,
				09B0D6C929F4FB4200DA08C3 /* Release */,
			);
			defaultConfigurationIsVisible = 0;
			defaultConfigurationName = Release;
		};
		09B0D6CA29F4FB4200DA08C3 /* Build configuration list for PBXNativeTarget "shoutTests" */ = {
			isa = XCConfigurationList;
			buildConfigurations = (
				09B0D6CB29F4FB4200DA08C3 /* Debug */,
				09B0D6CC29F4FB4200DA08C3 /* Release */,
			);
			defaultConfigurationIsVisible = 0;
			defaultConfigurationName = Release;
		};
		09B0D6CD29F4FB4200DA08C3 /* Build configuration list for PBXNativeTarget "shoutUITests" */ = {
			isa = XCConfigurationList;
			buildConfigurations = (
				09B0D6CE29F4FB4200DA08C3 /* Debug */,
				09B0D6CF29F4FB4200DA08C3 /* Release */,
			);
			defaultConfigurationIsVisible = 0;
			defaultConfigurationName = Release;
		};
/* End XCConfigurationList section */
	};
	rootObject = 09B0D69B29F4FB4100DA08C3 /* Project object */;
}
