// !$*UTF8*$!
{
	archiveVersion = 1;
	classes = {
	};
	objectVersion = 56;
	objects = {

/* Begin PBXBuildFile section */
		09B0D6A729F4FB4100DA08C3 /* shoutApp.swift in Sources */ = {isa = PBXBuildFile; fileRef = 09B0D6A629F4FB4100DA08C3 /* shoutApp.swift */; };
		09B0D6A929F4FB4100DA08C3 /* ContentView.swift in Sources */ = {isa = PBXBuildFile; fileRef = 09B0D6A829F4FB4100DA08C3 /* ContentView.swift */; };
		09B0D6AB29F4FB4200DA08C3 /* Assets.xcassets in Resources */ = {isa = PBXBuildFile; fileRef = 09B0D6AA29F4FB4200DA08C3 /* Assets.xcassets */; };
		09B0D6AE29F4FB4200DA08C3 /* Preview Assets.xcassets in Resources */ = {isa = PBXBuildFile; fileRef = 09B0D6AD29F4FB4200DA08C3 /* Preview Assets.xcassets */; };
		09B0D6B829F4FB4200DA08C3 /* shoutTests.swift in Sources */ = {isa = PBXBuildFile; fileRef = 09B0D6B729F4FB4200DA08C3 /* shoutTests.swift */; };
		09B0D6C229F4FB4200DA08C3 /* shoutUITests.swift in Sources */ = {isa = PBXBuildFile; fileRef = 09B0D6C129F4FB4200DA08C3 /* shoutUITests.swift */; };
		09B0D6C429F4FB4200DA08C3 /* shoutUITestsLaunchTests.swift in Sources */ = {isa = PBXBuildFile; fileRef = 09B0D6C329F4FB4200DA08C3 /* shoutUITestsLaunchTests.swift */; };
/* End PBXBuildFile section */

/* Begin PBXContainerItemProxy section */
		09B0D6B429F4FB4200DA08C3 /* PBXContainerItemProxy */ = {
			isa = PBXContainerItemProxy;
			containerPortal = 09B0D69B29F4FB4100DA08C3 /* Project object */;
			proxyType = 1;
			remoteGlobalIDString = 09B0D6A229F4FB4100DA08C3;
			remoteInfo = shout;
		};
		09B0D6BE29F4FB4200DA08C3 /* PBXContainerItemProxy */ = {
			isa = PBXContainerItemProxy;
			containerPortal = 09B0D69B29F4FB4100DA08C3 /* Project object */;
			proxyType = 1;
			remoteGlobalIDString = 09B0D6A229F4FB4100DA08C3;
			remoteInfo = shout;
		};
/* End PBXContainerItemProxy section */

/* Begin PBXFileReference section */
		09B0D6A329F4FB4100DA08C3 /* shout.app */ = {isa = PBXFileReference; explicitFileType = wrapper.application; includeInIndex = 0; path = shout.app; sourceTree = BUILT_PRODUCTS_DIR; };
		09B0D6A629F4FB4100DA08C3 /* shoutApp.swift */ = {isa = PBXFileReference; lastKnownFileType = sourcecode.swift; path = shoutApp.swift; sourceTree = "<group>"; };
		09B0D6A829F4FB4100DA08C3 /* ContentView.swift */ = {isa = PBXFileReference; lastKnownFileType = sourcecode.swift; path = ContentView.swift; sourceTree = "<group>"; };
		09B0D6AA29F4FB4200DA08C3 /* Assets.xcassets */ = {isa = PBXFileReference; lastKnownFileType = folder.assetcatalog; path = Assets.xcassets; sourceTree = "<group>"; };
		09B0D6AD29F4FB4200DA08C3 /* Preview Assets.xcassets */ = {isa = PBXFileReference; lastKnownFileType = folder.assetcatalog; path = "Preview Assets.xcassets"; sourceTree = "<group>"; };
		09B0D6B329F4FB4200DA08C3 /* shoutTests.xctest */ = {isa = PBXFileReference; explicitFileType = wrapper.cfbundle; includeInIndex = 0; path = shoutTests.xctest; sourceTree = BUILT_PRODUCTS_DIR; };
		09B0D6B729F4FB4200DA08C3 /* shoutTests.swift */ = {isa = PBXFileReference; lastKnownFileType = sourcecode.swift; path = shoutTests.swift; sourceTree = "<group>"; };
		09B0D6BD29F4FB4200DA08C3 /* shoutUITests.xctest */ = {isa = PBXFileReference; explicitFileType = wrapper.cfbundle; includeInIndex = 0; path = shoutUITests.xctest; sourceTree = BUILT_PRODUCTS_DIR; };
		09B0D6C129F4FB4200DA08C3 /* shoutUITests.swift */ = {isa = PBXFileReference; lastKnownFileType = sourcecode.swift; path = shoutUITests.swift; sourceTree = "<group>"; };
		09B0D6C329F4FB4200DA08C3 /* shoutUITestsLaunchTests.swift */ = {isa = PBXFileReference; lastKnownFileType = sourcecode.swift; path = shoutUITestsLaunchTests.swift; sourceTree = "<group>"; };
/* End PBXFileReference section */

/* Begin PBXFrameworksBuildPhase section */
		09B0D6A029F4FB4100DA08C3 /* Frameworks */ = {
			isa = PBXFrameworksBuildPhase;
			buildActionMask = 2147483647;
			files = (
			);
			runOnlyForDeploymentPostprocessing = 0;
		};
		09B0D6B029F4FB4200DA08C3 /* Frameworks */ = {
			isa = PBXFrameworksBuildPhase;
			buildActionMask = 2147483647;
			files = (
			);
			runOnlyForDeploymentPostprocessing = 0;
		};
		09B0D6BA29F4FB4200DA08C3 /* Frameworks */ = {
			isa = PBXFrameworksBuildPhase;
			buildActionMask = 2147483647;
			files = (
			);
			runOnlyForDeploymentPostprocessing = 0;
		};
/* End PBXFrameworksBuildPhase section */

/* Begin PBXGroup section */
		09B0D69A29F4FB4100DA08C3 = {
			isa = PBXGroup;
			children = (
				09B0D6A529F4FB4100DA08C3 /* shout */,
				09B0D6B629F4FB4200DA08C3 /* shoutTests */,
				09B0D6C029F4FB4200DA08C3 /* shoutUITests */,
				09B0D6A429F4FB4100DA08C3 /* Products */,
			);
			sourceTree = "<group>";
		};
		09B0D6A429F4FB4100DA08C3 /* Products */ = {
			isa = PBXGroup;
			children = (
				09B0D6A329F4FB4100DA08C3 /* shout.app */,
				09B0D6B329F4FB4200DA08C3 /* shoutTests.xctest */,
				09B0D6BD29F4FB4200DA08C3 /* shoutUITests.xctest */,
			);
			name = Products;
			sourceTree = "<group>";
		};
		09B0D6A529F4FB4100DA08C3 /* shout */ = {
			isa = PBXGroup;
			children = (
				09B0D6A629F4FB4100DA08C3 /* shoutApp.swift */,
				09B0D6A829F4FB4100DA08C3 /* ContentView.swift */,
				09B0D6AA29F4FB4200DA08C3 /* Assets.xcassets */,
				09B0D6AC29F4FB4200DA08C3 /* Preview Content */,
			);
			path = shout;
			sourceTree = "<group>";
		};
		09B0D6AC29F4FB4200DA08C3 /* Preview Content */ = {
			isa = PBXGroup;
			children = (
				09B0D6AD29F4FB4200DA08C3 /* Preview Assets.xcassets */,
			);
			path = "Preview Content";
			sourceTree = "<group>";
		};
		09B0D6B629F4FB4200DA08C3 /* shoutTests */ = {
			isa = PBXGroup;
			children = (
				09B0D6B729F4FB4200DA08C3 /* shoutTests.swift */,
			);
			path = shoutTests;
			sourceTree = "<group>";
		};
		09B0D6C029F4FB4200DA08C3 /* shoutUITests */ = {
			isa = PBXGroup;
			children = (
				09B0D6C129F4FB4200DA08C3 /* shoutUITests.swift */,
				09B0D6C329F4FB4200DA08C3 /* shoutUITestsLaunchTests.swift */,
			);
			path = shoutUITests;
			sourceTree = "<group>";
		};
/* End PBXGroup section */

/* Begin PBXNativeTarget section */
		09B0D6A229F4FB4100DA08C3 /* shout */ = {
			isa = PBXNativeTarget;
			buildConfigurationList = 09B0D6C729F4FB4200DA08C3 /* Build configuration list for PBXNativeTarget "shout" */;
			buildPhases = (
				09B0D69F29F4FB4100DA08C3 /* Sources */,
				09B0D6A029F4FB4100DA08C3 /* Frameworks */,
				09B0D6A129F4FB4100DA08C3 /* Resources */,
			);
			buildRules = (
			);
			dependencies = (
			);
			name = shout;
			productName = shout;
			productReference = 09B0D6A329F4FB4100DA08C3 /* shout.app */;
			productType = "com.apple.product-type.application";
		};
		09B0D6B229F4FB4200DA08C3 /* shoutTests */ = {
			isa = PBXNativeTarget;
			buildConfigurationList = 09B0D6CA29F4FB4200DA08C3 /* Build configuration list for PBXNativeTarget "shoutTests" */;
			buildPhases = (
				09B0D6AF29F4FB4200DA08C3 /* Sources */,
				09B0D6B029F4FB4200DA08C3 /* Frameworks */,
				09B0D6B129F4FB4200DA08C3 /* Resources */,
			);
			buildRules = (
			);
			dependencies = (
				09B0D6B529F4FB4200DA08C3 /* PBXTargetDependency */,
			);
			name = shoutTests;
			productName = shoutTests;
			productReference = 09B0D6B329F4FB4200DA08C3 /* shoutTests.xctest */;
			productType = "com.apple.product-type.bundle.unit-test";
		};
		09B0D6BC29F4FB4200DA08C3 /* shoutUITests */ = {
			isa = PBXNativeTarget;
			buildConfigurationList = 09B0D6CD29F4FB4200DA08C3 /* Build configuration list for PBXNativeTarget "shoutUITests" */;
			buildPhases = (
				09B0D6B929F4FB4200DA08C3 /* Sources */,
				09B0D6BA29F4FB4200DA08C3 /* Frameworks */,
				09B0D6BB29F4FB4200DA08C3 /* Resources */,
			);
			buildRules = (
			);
			dependencies = (
				09B0D6BF29F4FB4200DA08C3 /* PBXTargetDependency */,
			);
			name = shoutUITests;
			productName = shoutUITests;
			productReference = 09B0D6BD29F4FB4200DA08C3 /* shoutUITests.xctest */;
			productType = "com.apple.product-type.bundle.ui-testing";
		};
/* End PBXNativeTarget section */

/* Begin PBXProject section */
		09B0D69B29F4FB4100DA08C3 /* Project object */ = {
			isa = PBXProject;
			attributes = {
				BuildIndependentTargetsInParallel = 1;
				LastSwiftUpdateCheck = 1400;
				LastUpgradeCheck = 1400;
				TargetAttributes = {
					09B0D6A229F4FB4100DA08C3 = {
						CreatedOnToolsVersion = 14.0.1;
					};
					09B0D6B229F4FB4200DA08C3 = {
						CreatedOnToolsVersion = 14.0.1;
						TestTargetID = 09B0D6A229F4FB4100DA08C3;
					};
					09B0D6BC29F4FB4200DA08C3 = {
						CreatedOnToolsVersion = 14.0.1;
						TestTargetID = 09B0D6A229F4FB4100DA08C3;
					};
				};
			};
			buildConfigurationList = 09B0D69E29F4FB4100DA08C3 /* Build configuration list for PBXProject "shout" */;
			compatibilityVersion = "Xcode 14.0";
			developmentRegion = en;
			hasScannedForEncodings = 0;
			knownRegions = (
				en,
				Base,
			);
			mainGroup = 09B0D69A29F4FB4100DA08C3;
			productRefGroup = 09B0D6A429F4FB4100DA08C3 /* Products */;
			projectDirPath = "";
			projectRoot = "";
			targets = (
				09B0D6A229F4FB4100DA08C3 /* shout */,
				09B0D6B229F4FB4200DA08C3 /* shoutTests */,
				09B0D6BC29F4FB4200DA08C3 /* shoutUITests */,
			);
		};
/* End PBXProject section */

/* Begin PBXResourcesBuildPhase section */
		09B0D6A129F4FB4100DA08C3 /* Resources */ = {
			isa = PBXResourcesBuildPhase;
			buildActionMask = 2147483647;
			files = (
				09B0D6AE29F4FB4200DA08C3 /* Preview Assets.xcassets in Resources */,
				09B0D6AB29F4FB4200DA08C3 /* Assets.xcassets in Resources */,
			);
			runOnlyForDeploymentPostprocessing = 0;
		};
		09B0D6B129F4FB4200DA08C3 /* Resources */ = {
			isa = PBXResourcesBuildPhase;
			buildActionMask = 2147483647;
			files = (
			);
			runOnlyForDeploymentPostprocessing = 0;
		};
		09B0D6BB29F4FB4200DA08C3 /* Resources */ = {
			isa = PBXResourcesBuildPhase;
			buildActionMask = 2147483647;
			files = (
			);
			runOnlyForDeploymentPostprocessing = 0;
		};
/* End PBXResourcesBuildPhase section */

/* Begin PBXSourcesBuildPhase section */
		09B0D69F29F4FB4100DA08C3 /* Sources */ = {
			isa = PBXSourcesBuildPhase;
			buildActionMask = 2147483647;
			files = (
				09B0D6A929F4FB4100DA08C3 /* ContentView.swift in Sources */,
				09B0D6A729F4FB4100DA08C3 /* shoutApp.swift in Sources */,
			);
			runOnlyForDeploymentPostprocessing = 0;
		};
		09B0D6AF29F4FB4200DA08C3 /* Sources */ = {
			isa = PBXSourcesBuildPhase;
			buildActionMask = 2147483647;
			files = (
				09B0D6B829F4FB4200DA08C3 /* shoutTests.swift in Sources */,
			);
			runOnlyForDeploymentPostprocessing = 0;
		};
		09B0D6B929F4FB4200DA08C3 /* Sources */ = {
			isa = PBXSourcesBuildPhase;
			buildActionMask = 2147483647;
			files = (
				09B0D6C429F4FB4200DA08C3 /* shoutUITestsLaunchTests.swift in Sources */,
				09B0D6C229F4FB4200DA08C3 /* shoutUITests.swift in Sources */,
			);
			runOnlyForDeploymentPostprocessing = 0;
		};
/* End PBXSourcesBuildPhase section */

/* Begin PBXTargetDependency section */
		09B0D6B529F4FB4200DA08C3 /* PBXTargetDependency */ = {
			isa = PBXTargetDependency;
			target = 09B0D6A229F4FB4100DA08C3 /* shout */;
			targetProxy = 09B0D6B429F4FB4200DA08C3 /* PBXContainerItemProxy */;
		};
		09B0D6BF29F4FB4200DA08C3 /* PBXTargetDependency */ = {
			isa = PBXTargetDependency;
			target = 09B0D6A229F4FB4100DA08C3 /* shout */;
			targetProxy = 09B0D6BE29F4FB4200DA08C3 /* PBXContainerItemProxy */;
		};
/* End PBXTargetDependency section */

/* Begin XCBuildConfiguration section */
		09B0D6C529F4FB4200DA08C3 /* Debug */ = {
			isa = XCBuildConfiguration;
			buildSettings = {
				ALWAYS_SEARCH_USER_PATHS = NO;
				CLANG_ANALYZER_NONNULL = YES;
				CLANG_ANALYZER_NUMBER_OBJECT_CONVERSION = YES_AGGRESSIVE;
				CLANG_CXX_LANGUAGE_STANDARD = "gnu++20";
				CLANG_ENABLE_MODULES = YES;
				CLANG_ENABLE_OBJC_ARC = YES;
				CLANG_ENABLE_OBJC_WEAK = YES;
				CLANG_WARN_BLOCK_CAPTURE_AUTORELEASING = YES;
				CLANG_WARN_BOOL_CONVERSION = YES;
				CLANG_WARN_COMMA = YES;
				CLANG_WARN_CONSTANT_CONVERSION = YES;
				CLANG_WARN_DEPRECATED_OBJC_IMPLEMENTATIONS = YES;
				CLANG_WARN_DIRECT_OBJC_ISA_USAGE = YES_ERROR;
				CLANG_WARN_DOCUMENTATION_COMMENTS = YES;
				CLANG_WARN_EMPTY_BODY = YES;
				CLANG_WARN_ENUM_CONVERSION = YES;
				CLANG_WARN_INFINITE_RECURSION = YES;
				CLANG_WARN_INT_CONVERSION = YES;
				CLANG_WARN_NON_LITERAL_NULL_CONVERSION = YES;
				CLANG_WARN_OBJC_IMPLICIT_RETAIN_SELF = YES;
				CLANG_WARN_OBJC_LITERAL_CONVERSION = YES;
				CLANG_WARN_OBJC_ROOT_CLASS = YES_ERROR;
				CLANG_WARN_QUOTED_INCLUDE_IN_FRAMEWORK_HEADER = YES;
				CLANG_WARN_RANGE_LOOP_ANALYSIS = YES;
				CLANG_WARN_STRICT_PROTOTYPES = YES;
				CLANG_WARN_SUSPICIOUS_MOVE = YES;
				CLANG_WARN_UNGUARDED_AVAILABILITY = YES_AGGRESSIVE;
				CLANG_WARN_UNREACHABLE_CODE = YES;
				CLANG_WARN__DUPLICATE_METHOD_MATCH = YES;
				COPY_PHASE_STRIP = NO;
				DEBUG_INFORMATION_FORMAT = dwarf;
				ENABLE_STRICT_OBJC_MSGSEND = YES;
				ENABLE_TESTABILITY = YES;
				GCC_C_LANGUAGE_STANDARD = gnu11;
				GCC_DYNAMIC_NO_PIC = NO;
				GCC_NO_COMMON_BLOCKS = YES;
				GCC_OPTIMIZATION_LEVEL = 0;
				GCC_PREPROCESSOR_DEFINITIONS = (
					"DEBUG=1",
					"$(inherited)",
				);
				GCC_WARN_64_TO_32_BIT_CONVERSION = YES;
				GCC_WARN_ABOUT_RETURN_TYPE = YES_ERROR;
				GCC_WARN_UNDECLARED_SELECTOR = YES;
				GCC_WARN_UNINITIALIZED_AUTOS = YES_AGGRESSIVE;
				GCC_WARN_UNUSED_FUNCTION = YES;
				GCC_WARN_UNUSED_VARIABLE = YES;
				IPHONEOS_DEPLOYMENT_TARGET = 16.0;
				MTL_ENABLE_DEBUG_INFO = INCLUDE_SOURCE;
				MTL_FAST_MATH = YES;
				ONLY_ACTIVE_ARCH = YES;
				SDKROOT = iphoneos;
				SWIFT_ACTIVE_COMPILATION_CONDITIONS = DEBUG;
				SWIFT_OPTIMIZATION_LEVEL = "-Onone";
			};
			name = Debug;
		};
		09B0D6C629F4FB4200DA08C3 /* Release */ = {
			isa = XCBuildConfiguration;
			buildSettings = {
				ALWAYS_SEARCH_USER_PATHS = NO;
				CLANG_ANALYZER_NONNULL = YES;
				CLANG_ANALYZER_NUMBER_OBJECT_CONVERSION = YES_AGGRESSIVE;
				CLANG_CXX_LANGUAGE_STANDARD = "gnu++20";
				CLANG_ENABLE_MODULES = YES;
				CLANG_ENABLE_OBJC_ARC = YES;
				CLANG_ENABLE_OBJC_WEAK = YES;
				CLANG_WARN_BLOCK_CAPTURE_AUTORELEASING = YES;
				CLANG_WARN_BOOL_CONVERSION = YES;
				CLANG_WARN_COMMA = YES;
				CLANG_WARN_CONSTANT_CONVERSION = YES;
				CLANG_WARN_DEPRECATED_OBJC_IMPLEMENTATIONS = YES;
				CLANG_WARN_DIRECT_OBJC_ISA_USAGE = YES_ERROR;
				CLANG_WARN_DOCUMENTATION_COMMENTS = YES;
				CLANG_WARN_EMPTY_BODY = YES;
				CLANG_WARN_ENUM_CONVERSION = YES;
				CLANG_WARN_INFINITE_RECURSION = YES;
				CLANG_WARN_INT_CONVERSION = YES;
				CLANG_WARN_NON_LITERAL_NULL_CONVERSION = YES;
				CLANG_WARN_OBJC_IMPLICIT_RETAIN_SELF = YES;
				CLANG_WARN_OBJC_LITERAL_CONVERSION = YES;
				CLANG_WARN_OBJC_ROOT_CLASS = YES_ERROR;
				CLANG_WARN_QUOTED_INCLUDE_IN_FRAMEWORK_HEADER = YES;
				CLANG_WARN_RANGE_LOOP_ANALYSIS = YES;
				CLANG_WARN_STRICT_PROTOTYPES = YES;
				CLANG_WARN_SUSPICIOUS_MOVE = YES;
				CLANG_WARN_UNGUARDED_AVAILABILITY = YES_AGGRESSIVE;
				CLANG_WARN_UNREACHABLE_CODE = YES;
				CLANG_WARN__DUPLICATE_METHOD_MATCH = YES;
				COPY_PHASE_STRIP = NO;
				DEBUG_INFORMATION_FORMAT = "dwarf-with-dsym";
				ENABLE_NS_ASSERTIONS = NO;
				ENABLE_STRICT_OBJC_MSGSEND = YES;
				GCC_C_LANGUAGE_STANDARD = gnu11;
				GCC_NO_COMMON_BLOCKS = YES;
				GCC_WARN_64_TO_32_BIT_CONVERSION = YES;
				GCC_WARN_ABOUT_RETURN_TYPE = YES_ERROR;
				GCC_WARN_UNDECLARED_SELECTOR = YES;
				GCC_WARN_UNINITIALIZED_AUTOS = YES_AGGRESSIVE;
				GCC_WARN_UNUSED_FUNCTION = YES;
				GCC_WARN_UNUSED_VARIABLE = YES;
				IPHONEOS_DEPLOYMENT_TARGET = 16.0;
				MTL_ENABLE_DEBUG_INFO = NO;
				MTL_FAST_MATH = YES;
				SDKROOT = iphoneos;
				SWIFT_COMPILATION_MODE = wholemodule;
				SWIFT_OPTIMIZATION_LEVEL = "-O";
				VALIDATE_PRODUCT = YES;
			};
			name = Release;
		};
		09B0D6C829F4FB4200DA08C3 /* Debug */ = {
			isa = XCBuildConfiguration;
			buildSettings = {
				ASSETCATALOG_COMPILER_APPICON_NAME = AppIcon;
				ASSETCATALOG_COMPILER_GLOBAL_ACCENT_COLOR_NAME = AccentColor;
				CODE_SIGN_STYLE = Automatic;
				CURRENT_PROJECT_VERSION = 1;
				DEVELOPMENT_ASSET_PATHS = "\"shout/Preview Content\"";
				DEVELOPMENT_TEAM = 35Z5L89946;
				ENABLE_PREVIEWS = YES;
				GENERATE_INFOPLIST_FILE = YES;
				INFOPLIST_KEY_UIApplicationSceneManifest_Generation = YES;
				INFOPLIST_KEY_UIApplicationSupportsIndirectInputEvents = YES;
				INFOPLIST_KEY_UILaunchScreen_Generation = YES;
				INFOPLIST_KEY_UISupportedInterfaceOrientations_iPad = "UIInterfaceOrientationPortrait UIInterfaceOrientationPortraitUpsideDown UIInterfaceOrientationLandscapeLeft UIInterfaceOrientationLandscapeRight";
				INFOPLIST_KEY_UISupportedInterfaceOrientations_iPhone = "UIInterfaceOrientationPortrait UIInterfaceOrientationLandscapeLeft UIInterfaceOrientationLandscapeRight";
				LD_RUNPATH_SEARCH_PATHS = (
					"$(inherited)",
					"@executable_path/Frameworks",
				);
				MARKETING_VERSION = 1.0;
				PRODUCT_BUNDLE_IDENTIFIER = com.rokwonk.shout;
				PRODUCT_NAME = "$(TARGET_NAME)";
				SWIFT_EMIT_LOC_STRINGS = YES;
				SWIFT_VERSION = 5.0;
				TARGETED_DEVICE_FAMILY = "1,2";
			};
			name = Debug;
		};
		09B0D6C929F4FB4200DA08C3 /* Release */ = {
			isa = XCBuildConfiguration;
			buildSettings = {
				ASSETCATALOG_COMPILER_APPICON_NAME = AppIcon;
				ASSETCATALOG_COMPILER_GLOBAL_ACCENT_COLOR_NAME = AccentColor;
				CODE_SIGN_STYLE = Automatic;
				CURRENT_PROJECT_VERSION = 1;
				DEVELOPMENT_ASSET_PATHS = "\"shout/Preview Content\"";
				DEVELOPMENT_TEAM = 35Z5L89946;
				ENABLE_PREVIEWS = YES;
				GENERATE_INFOPLIST_FILE = YES;
				INFOPLIST_KEY_UIApplicationSceneManifest_Generation = YES;
				INFOPLIST_KEY_UIApplicationSupportsIndirectInputEvents = YES;
				INFOPLIST_KEY_UILaunchScreen_Generation = YES;
				INFOPLIST_KEY_UISupportedInterfaceOrientations_iPad = "UIInterfaceOrientationPortrait UIInterfaceOrientationPortraitUpsideDown UIInterfaceOrientationLandscapeLeft UIInterfaceOrientationLandscapeRight";
				INFOPLIST_KEY_UISupportedInterfaceOrientations_iPhone = "UIInterfaceOrientationPortrait UIInterfaceOrientationLandscapeLeft UIInterfaceOrientationLandscapeRight";
				LD_RUNPATH_SEARCH_PATHS = (
					"$(inherited)",
					"@executable_path/Frameworks",
				);
				MARKETING_VERSION = 1.0;
				PRODUCT_BUNDLE_IDENTIFIER = com.rokwonk.shout;
				PRODUCT_NAME = "$(TARGET_NAME)";
				SWIFT_EMIT_LOC_STRINGS = YES;
				SWIFT_VERSION = 5.0;
				TARGETED_DEVICE_FAMILY = "1,2";
			};
			name = Release;
		};
		09B0D6CB29F4FB4200DA08C3 /* Debug */ = {
			isa = XCBuildConfiguration;
			buildSettings = {
				ALWAYS_EMBED_SWIFT_STANDARD_LIBRARIES = YES;
				BUNDLE_LOADER = "$(TEST_HOST)";
				CODE_SIGN_STYLE = Automatic;
				CURRENT_PROJECT_VERSION = 1;
				DEVELOPMENT_TEAM = 35Z5L89946;
				GENERATE_INFOPLIST_FILE = YES;
				IPHONEOS_DEPLOYMENT_TARGET = 16.0;
				MARKETING_VERSION = 1.0;
				PRODUCT_BUNDLE_IDENTIFIER = com.rokwonk.shoutTests;
				PRODUCT_NAME = "$(TARGET_NAME)";
				SWIFT_EMIT_LOC_STRINGS = NO;
				SWIFT_VERSION = 5.0;
				TARGETED_DEVICE_FAMILY = "1,2";
				TEST_HOST = "$(BUILT_PRODUCTS_DIR)/shout.app/$(BUNDLE_EXECUTABLE_FOLDER_PATH)/shout";
			};
			name = Debug;
		};
		09B0D6CC29F4FB4200DA08C3 /* Release */ = {
			isa = XCBuildConfiguration;
			buildSettings = {
				ALWAYS_EMBED_SWIFT_STANDARD_LIBRARIES = YES;
				BUNDLE_LOADER = "$(TEST_HOST)";
				CODE_SIGN_STYLE = Automatic;
				CURRENT_PROJECT_VERSION = 1;
				DEVELOPMENT_TEAM = 35Z5L89946;
				GENERATE_INFOPLIST_FILE = YES;
				IPHONEOS_DEPLOYMENT_TARGET = 16.0;
				MARKETING_VERSION = 1.0;
				PRODUCT_BUNDLE_IDENTIFIER = com.rokwonk.shoutTests;
				PRODUCT_NAME = "$(TARGET_NAME)";
				SWIFT_EMIT_LOC_STRINGS = NO;
				SWIFT_VERSION = 5.0;
				TARGETED_DEVICE_FAMILY = "1,2";
				TEST_HOST = "$(BUILT_PRODUCTS_DIR)/shout.app/$(BUNDLE_EXECUTABLE_FOLDER_PATH)/shout";
			};
			name = Release;
		};
		09B0D6CE29F4FB4200DA08C3 /* Debug */ = {
			isa = XCBuildConfiguration;
			buildSettings = {
				ALWAYS_EMBED_SWIFT_STANDARD_LIBRARIES = YES;
				CODE_SIGN_STYLE = Automatic;
				CURRENT_PROJECT_VERSION = 1;
				DEVELOPMENT_TEAM = 35Z5L89946;
				GENERATE_INFOPLIST_FILE = YES;
				MARKETING_VERSION = 1.0;
				PRODUCT_BUNDLE_IDENTIFIER = com.rokwonk.shoutUITests;
				PRODUCT_NAME = "$(TARGET_NAME)";
				SWIFT_EMIT_LOC_STRINGS = NO;
				SWIFT_VERSION = 5.0;
				TARGETED_DEVICE_FAMILY = "1,2";
				TEST_TARGET_NAME = shout;
			};
			name = Debug;
		};
		09B0D6CF29F4FB4200DA08C3 /* Release */ = {
			isa = XCBuildConfiguration;
			buildSettings = {
				ALWAYS_EMBED_SWIFT_STANDARD_LIBRARIES = YES;
				CODE_SIGN_STYLE = Automatic;
				CURRENT_PROJECT_VERSION = 1;
				DEVELOPMENT_TEAM = 35Z5L89946;
				GENERATE_INFOPLIST_FILE = YES;
				MARKETING_VERSION = 1.0;
				PRODUCT_BUNDLE_IDENTIFIER = com.rokwonk.shoutUITests;
				PRODUCT_NAME = "$(TARGET_NAME)";
				SWIFT_EMIT_LOC_STRINGS = NO;
				SWIFT_VERSION = 5.0;
				TARGETED_DEVICE_FAMILY = "1,2";
				TEST_TARGET_NAME = shout;
			};
			name = Release;
		};
/* End XCBuildConfiguration section */

/* Begin XCConfigurationList section */
		09B0D69E29F4FB4100DA08C3 /* Build configuration list for PBXProject "shout" */ = {
			isa = XCConfigurationList;
			buildConfigurations = (
				09B0D6C529F4FB4200DA08C3 /* Debug */,
				09B0D6C629F4FB4200DA08C3 /* Release */,
			);
			defaultConfigurationIsVisible = 0;
			defaultConfigurationName = Release;
		};
		09B0D6C729F4FB4200DA08C3 /* Build configuration list for PBXNativeTarget "shout" */ = {
			isa = XCConfigurationList;
			buildConfigurations = (
				09B0D6C829F4FB4200DA08C3 /* Debug */,
				09B0D6C929F4FB4200DA08C3 /* Release */,
			);
			defaultConfigurationIsVisible = 0;
			defaultConfigurationName = Release;
		};
		09B0D6CA29F4FB4200DA08C3 /* Build configuration list for PBXNativeTarget "shoutTests" */ = {
			isa = XCConfigurationList;
			buildConfigurations = (
				09B0D6CB29F4FB4200DA08C3 /* Debug */,
				09B0D6CC29F4FB4200DA08C3 /* Release */,
			);
			defaultConfigurationIsVisible = 0;
			defaultConfigurationName = Release;
		};
		09B0D6CD29F4FB4200DA08C3 /* Build configuration list for PBXNativeTarget "shoutUITests" */ = {
			isa = XCConfigurationList;
			buildConfigurations = (
				09B0D6CE29F4FB4200DA08C3 /* Debug */,
				09B0D6CF29F4FB4200DA08C3 /* Release */,
			);
			defaultConfigurationIsVisible = 0;
			defaultConfigurationName = Release;
		};
/* End XCConfigurationList section */
	};
	rootObject = 09B0D69B29F4FB4100DA08C3 /* Project object */;
}
